lockfileVersion: '9.0'

settings:
  autoInstallPeers: true
  excludeLinksFromLockfile: false

importers:

  .:
    dependencies:
      '@inquirer/prompts':
        specifier: ^8.5.2
        version: 8.7.3(@types/node@22.20.4)
    devDependencies:
      '@types/node':
        specifier: ^22.0.0
        version: 22.20.4
      fast-xml-parser:
        specifier: ^5.9.3
        version: 5.11.2
      typescript:
        specifier: ^5.8.3
        version: 5.9.3

packages:

  '@inquirer/ansi@2.0.9':
    resolution: {integrity: sha512-0Ywt3S8tqM6TWUcsRlBFQ1x+X3/o8kktX0ZiKAnByYb9GFDknnOhse1PVtfiD2BXPI8ar+BWx9PV9R0lQIcygw==}
    engines: {node: '>=23.5.0 || ^22.13.0 || ^20.17.0'}

  '@inquirer/checkbox@5.2.6':
    resolution: {integrity: sha512-XkOardciF3tow2NUlY6/Qjk1QqYa+6WpmVLTpxXl97Uv4erczDEZ+xg1j6LqBf0ekcRSUiICQA4nQXHHkVKQ9w==}
    engines: {node: '>=23.5.0 || ^22.13.0 || ^20.17.0'}
    peerDependencies:
      '@types/node': '>=18'
    peerDependenciesMeta:
      '@types/node':
        optional: true

  '@inquirer/confirm@6.3.3':
    resolution: {integrity: sha512-ImOBgpl/sJTFp8naeSkNu4S0Sf8F8pxv3/CUx+LoBAdQvCVqFz6rSB2A/oZYsJge3+yphbEDxEkfaRNYq1OU0A==}
    engines: {node: '>=23.5.0 || ^22.13.0 || ^20.17.0'}
    peerDependencies:
      '@types/node': '>=18'
    peerDependenciesMeta:
      '@types/node':
        optional: true

  '@inquirer/core@12.0.4':
    resolution: {integrity: sha512-M5fB67y7jPObI45vhD82RskWwCSm0scOvenV/I6K8tIi2gfr9DXqQqJ+iw+Wi6SgapikdOiJibYzz1gW47fsDg==}
    engines: {node: '>=23.5.0 || ^22.13.0 || ^20.17.0'}
    peerDependencies:
      '@types/node': '>=18'
    peerDependenciesMeta:
      '@types/node':
        optional: true

  '@inquirer/editor@5.3.4':
    resolution: {integrity: sha512-imzxQDfw26NpcJAubMj/dE5RjU9Mp80IcT+FzsD6YoxXmL8L1QYnAFdCNv7ccGWh//73+0YP+1kfhwnExdl2VQ==}
    engines: {node: '>=23.5.0 || ^22.13.0 || ^20.17.0'}
    peerDependencies:
      '@types/node': '>=18'
    peerDependenciesMeta:
      '@types/node':
        optional: true

  '@inquirer/expand@5.1.6':
    resolution: {integrity: sha512-JfiLKi7qGuHmcQO/DqR10UFEp054Y1FXZaszP5ZEfHhgHeuFoT5nNFQIXFhed/5/p07SbsV2tIJFwG/dg5+NmQ==}
    engines: {node: '>=23.5.0 || ^22.13.0 || ^20.17.0'}
    peerDependencies:
      '@types/node': '>=18'
    peerDependenciesMeta:
      '@types/node':
        optional: true

  '@inquirer/external-editor@3.0.6':
    resolution: {integrity: sha512-rWmw6WG8JZ7LMn/srXEylYGhL6EXXJeROE7/4x4GREh6NgzqJBDbIgpNGsYoLPfobeb4VZtEYzPGnT5EFNYhiQ==}
    engines: {node: '>=23.5.0 || ^22.13.0 || ^20.17.0'}
    peerDependencies:
      '@types/node': '>=18'
    peerDependenciesMeta:
      '@types/node':
        optional: true

  '@inquirer/figures@2.0.9':
    resolution: {integrity: sha512-EAWgUTGQ/Umgga51dE3B2PUHbufuXarDfg86uVgoSgNHNNQnyFKcOrQLWVqYMghuSyHh8+2HUH0Js9cTC1WAdg==}
    engines: {node: '>=23.5.0 || ^22.13.0 || ^20.17.0'}

  '@inquirer/input@5.1.7':
    resolution: {integrity: sha512-Icrs9tuMBCxGI+lFYNO71VFOnqGO8IIrLIGqnTGh07X8jZ2la9QLAYxXcikHZQjjVhIZUtU2xyH89DVN/pPhVg==}
    engines: {node: '>=23.5.0 || ^22.13.0 || ^20.17.0'}
    peerDependencies:
      '@types/node': '>=18'
    peerDependenciesMeta:
      '@types/node':
        optional: true

  '@inquirer/number@4.2.4':
    resolution: {integrity: sha512-C6g80U4U2+w2Vxa1CB0MN3a2WnQIfzLSUG0lduO3Au9GsirJsKATZkOwZPK+vZ1BlAlz+/Z5ParfQCS9E0svmg==}
    engines: {node: '>=23.5.0 || ^22.13.0 || ^20.17.0'}
    peerDependencies:
      '@types/node': '>=18'
    peerDependenciesMeta:
      '@types/node':
        optional: true

  '@inquirer/password@5.2.3':
    resolution: {integrity: sha512-1Uo2qfI2K3wXbfunMpvwAzoZPIUf5iEETwDGqRVbswoorXGqYQJ/bfIJFeLj+pxjq+e2UFPNOmx+fsIl4Urigw==}
    engines: {node: '>=23.5.0 || ^22.13.0 || ^20.17.0'}
    peerDependencies:
      '@types/node': '>=18'
    peerDependenciesMeta:
      '@types/node':
        optional: true

  '@inquirer/prompts@8.7.3':
    resolution: {integrity: sha512-DHK20kO+H5k/XcJQpHQUpVQbMYHHhZchlGWhZVMUV4WIuRuBW5744hipOtriE1vMqPLgnIyXFMHWKkIbTepa4Q==}
    engines: {node: '>=23.5.0 || ^22.13.0 || ^20.17.0'}
    peerDependencies:
      '@types/node': '>=18'
    peerDependenciesMeta:
      '@types/node':
        optional: true

  '@inquirer/rawlist@5.3.6':
    resolution: {integrity: sha512-2exExhQ5xTBqfN/rRlZkvM1Gm3b0eiLcWe2NqxWxe7qYmnU4M3j/n9TwzfPUb+Q7dAAz9TmBtDWWdF3jbp4ZLA==}
    engines: {node: '>=23.5.0 || ^22.13.0 || ^20.17.0'}
    peerDependencies:
      '@types/node': '>=18'
    peerDependenciesMeta:
      '@types/node':
        optional: true

  '@inquirer/search@4.3.4':
    resolution: {integrity: sha512-xsk0UeFP04jsbEeFMzghjUaH2aHXyt+WykSajQzq/8qyBNHsgGYHea/sFwv5T08kW7Sp+KDX8aF124zPUIs1Ww==}
    engines: {node: '>=23.5.0 || ^22.13.0 || ^20.17.0'}
    peerDependencies:
      '@types/node': '>=18'
    peerDependenciesMeta:
      '@types/node':
        optional: true

  '@inquirer/select@5.2.6':
    resolution: {integrity: sha512-jFu7CFghlr0vpi/326a4wz6BGkJH9X3H/iIu+ahyV2Ja52ktqQE3fC9BYP47JKeSPQYGUv5xquE2Vp9PbepZ3g==}
    engines: {node: '>=23.5.0 || ^22.13.0 || ^20.17.0'}
    peerDependencies:
      '@types/node': '>=18'
    peerDependenciesMeta:
      '@types/node':
        optional: true

  '@inquirer/type@4.2.0':
    resolution: {integrity: sha512-2rnHX8RPo4glJYqnFc/v3nQeIhDcjyRRyaT7MGcfL/8xv/8K03SXYoA2tX06WVSKywWOE/ncbG3dtuzLjR5TCQ==}
    engines: {node: '>=23.5.0 || ^22.13.0 || ^20.17.0'}
    peerDependencies:
      '@types/node': '>=18'
    peerDependenciesMeta:
      '@types/node':
        optional: true

  '@nodable/entities@3.1.0':
    resolution: {integrity: sha512-LsS/DjHr+uDM647Gru/cA8+J3a3HfhttwCKLyuoyN7yXTFCxKBtSgMQBvrW9yNPa2/zDRUNuGPaH5QUFoa4arQ==}

  '@types/node@22.20.4':
    resolution: {integrity: sha512-zJRE40jpHtKqE/C4fgHrAKQLJuSpzEnP9ff9Y7YtoR3Wd2pwqzlekDeEuUQXjRd+QCYnVnNwuJYmhdk9XV8gvA==}

  anynum@1.0.1:
    resolution: {integrity: sha512-N6//FLET/tXYNM/F6ABca1oH6fWB+KlTt909Le28WMDBk8oaT4vY17DCrwg2MvmuqUKt3Ni4N5dGJ/EoBgcO6A==}

  chardet@2.2.0:
    resolution: {integrity: sha512-rddelWYNPRrXq6PtNEN2S3f6t9ILzvqaN5pVgi4kqt9jHQaXIial9PznB5iSPVlQSLNaaH22ItWz3EJtQ10+OA==}

  cli-width@4.1.0:
    resolution: {integrity: sha512-ouuZd4/dm2Sw5Gmqy6bGyNNNe1qt9RpmxveLSO7KcgsTnU7RXfsw+/bukWGo1abgBiMAic068rclZsO4IWmmxQ==}
    engines: {node: '>= 12'}

  fast-string-truncated-width@3.0.3:
    resolution: {integrity: sha512-0jjjIEL6+0jag3l2XWWizO64/aZVtpiGE3t0Zgqxv0DPuxiMjvB3M24fCyhZUO4KomJQPj3LTSUnDP3GpdwC0g==}

  fast-string-width@3.0.2:
    resolution: {integrity: sha512-gX8LrtNEI5hq8DVUfRQMbr5lpaS4nMIWV+7XEbXk2b8kiQIizgnlr12B4dA3ZEx3308ze0O4Q1R+cHts8kyUJg==}

  fast-wrap-ansi@0.2.2:
    resolution: {integrity: sha512-7F2Fl+TjRSenLqlU3UjSH0iyqopqoZIu7eZVpEirP2g1GtWa2G/ecEmBdgz31+Mxr+ELclgg6sokpSFIQiZ02Q==}

  fast-xml-builder@1.3.1:
    resolution: {integrity: sha512-pIM/1n3ntFXKYrUZwW7QCK0gAW7XY+wzj1YMIV3tLDvPj/V+zTGJK5e3/4WJfwj0qWw2ElNXiTixda/R+3YSug==}

  fast-xml-parser@5.11.2:
    resolution: {integrity: sha512-R9iDuNrQYeQut46cn2r2wHKn4HYzVDvDm5J1wW+koZewykv0yuO2HChTYeZtrULyHIDM9cj9TUXloCsueCQUog==}
    hasBin: true

  iconv-lite@0.7.3:
    resolution: {integrity: sha512-IKXpvIzjnC9XTAUbVBcMfGS0EPaIXtW6v+zr+RRp+hqULEpo0owZax6wyRwPOJbWbzjYspQwusTsfVr0ifh4uQ==}
    engines: {node: '>=0.10.0'}

  is-unsafe@2.0.2:
    resolution: {integrity: sha512-HgbIHPBH0KHHCcjLfGsCvhtPTVxjaAZlXjwdz7/GQC40SjSe4sfQsar8J5VFo8JOSbarkpV0OLG95bbaNd9aAQ==}

  mute-stream@3.0.0:
    resolution: {integrity: sha512-dkEJPVvun4FryqBmZ5KhDo0K9iDXAwn08tMLDinNdRBNPcYEDiWYysLcc6k3mjTMlbP9KyylvRpd4wFtwrT9rw==}
    engines: {node: ^20.17.0 || >=22.9.0}

  path-expression-matcher@1.6.2:
    resolution: {integrity: sha512-enSlaiat05iasnzmgNxRj8reFdj3puY2QpNgP1aPIaVfT6nn9ICuPoFlKHk8EN22HcwewshO+mN2DGbkCEOtqQ==}
    engines: {node: '>=14.0.0'}

  safer-buffer@2.1.2:
    resolution: {integrity: sha512-YZo3K82SD7Riyi0E1EQPojLz7kpepnSQI9IyPbHHg1XXXevb5dJI7tpyN2ADxGcQbHG7vcyRHk0cbwqcQriUtg==}

  signal-exit@4.1.0:
    resolution: {integrity: sha512-bzyZ1e88w9O1iNJbKnOlvYTrWPDl46O1bG0D3XInv+9tkPrxrN8jUUTiFlDkkmKWgn1M6CfIA13SuGqOa9Korw==}
    engines: {node: '>=14'}

  strnum@2.4.2:
    resolution: {integrity: sha512-rDG3Ah4TV0k1hWvLSzkZtMmLN9+eS+h3knq4MP6A42Y3Yh5qGNnOUs1jJkoSr8FG5dsL28c7KgkIBzSEykqtuw==}

  typescript@5.9.3:
    resolution: {integrity: sha512-jl1vZzPDinLr9eUt3J/t7V6FgNEw9QjvBPdysz9KfQDD41fQrC2Y4vKQdiaUpFT4bXlb1RHhLpp8wtm6M5TgSw==}
    engines: {node: '>=14.17'}
    hasBin: true

  undici-types@6.21.0:
    resolution: {integrity: sha512-iwDZqg0QAGrg9Rav5H4n0M64c3mkR59cJ6wQp+7C4nI0gsmExaedaYLNO44eT4AtBBwjbTiGPMlt2Md0T9H9JQ==}

  xml-naming@0.3.0:
    resolution: {integrity: sha512-ghig2TBE/H11aOVgmahA3MhimvkBr6JIYknH/Dhdk10nXwdbIqBJsbfMxpvFPG8bAw77gN29aQWvKpmVoPlvPQ==}
    engines: {node: '>=16.0.0'}

snapshots:

  '@inquirer/ansi@2.0.9': {}

  '@inquirer/checkbox@5.2.6(@types/node@22.20.4)':
    dependencies:
      '@inquirer/ansi': 2.0.9
      '@inquirer/core': 12.0.4(@types/node@22.20.4)
      '@inquirer/figures': 2.0.9
      '@inquirer/type': 4.2.0(@types/node@22.20.4)
    optionalDependencies:
      '@types/node': 22.20.4

  '@inquirer/confirm@6.3.3(@types/node@22.20.4)':
    dependencies:
      '@inquirer/core': 12.0.4(@types/node@22.20.4)
      '@inquirer/type': 4.2.0(@types/node@22.20.4)
    optionalDependencies:
      '@types/node': 22.20.4

  '@inquirer/core@12.0.4(@types/node@22.20.4)':
    dependencies:
      '@inquirer/ansi': 2.0.9
      '@inquirer/figures': 2.0.9
      '@inquirer/type': 4.2.0(@types/node@22.20.4)
      cli-width: 4.1.0
      fast-wrap-ansi: 0.2.2
      mute-stream: 3.0.0
      signal-exit: 4.1.0
    optionalDependencies:
      '@types/node': 22.20.4

  '@inquirer/editor@5.3.4(@types/node@22.20.4)':
    dependencies:
      '@inquirer/core': 12.0.4(@types/node@22.20.4)
      '@inquirer/external-editor': 3.0.6(@types/node@22.20.4)
      '@inquirer/type': 4.2.0(@types/node@22.20.4)
    optionalDependencies:
      '@types/node': 22.20.4

  '@inquirer/expand@5.1.6(@types/node@22.20.4)':
    dependencies:
      '@inquirer/core': 12.0.4(@types/node@22.20.4)
      '@inquirer/type': 4.2.0(@types/node@22.20.4)
    optionalDependencies:
      '@types/node': 22.20.4

  '@inquirer/external-editor@3.0.6(@types/node@22.20.4)':
    dependencies:
      chardet: 2.2.0
      iconv-lite: 0.7.3
    optionalDependencies:
      '@types/node': 22.20.4

  '@inquirer/figures@2.0.9': {}

  '@inquirer/input@5.1.7(@types/node@22.20.4)':
    dependencies:
      '@inquirer/core': 12.0.4(@types/node@22.20.4)
      '@inquirer/type': 4.2.0(@types/node@22.20.4)
    optionalDependencies:
      '@types/node': 22.20.4

  '@inquirer/number@4.2.4(@types/node@22.20.4)':
    dependencies:
      '@inquirer/core': 12.0.4(@types/node@22.20.4)
      '@inquirer/type': 4.2.0(@types/node@22.20.4)
    optionalDependencies:
      '@types/node': 22.20.4

  '@inquirer/password@5.2.3(@types/node@22.20.4)':
    dependencies:
      '@inquirer/ansi': 2.0.9
      '@inquirer/core': 12.0.4(@types/node@22.20.4)
      '@inquirer/type': 4.2.0(@types/node@22.20.4)
    optionalDependencies:
      '@types/node': 22.20.4

  '@inquirer/prompts@8.7.3(@types/node@22.20.4)':
    dependencies:
      '@inquirer/checkbox': 5.2.6(@types/node@22.20.4)
      '@inquirer/confirm': 6.3.3(@types/node@22.20.4)
      '@inquirer/editor': 5.3.4(@types/node@22.20.4)
      '@inquirer/expand': 5.1.6(@types/node@22.20.4)
      '@inquirer/input': 5.1.7(@types/node@22.20.4)
      '@inquirer/number': 4.2.4(@types/node@22.20.4)
      '@inquirer/password': 5.2.3(@types/node@22.20.4)
      '@inquirer/rawlist': 5.3.6(@types/node@22.20.4)
      '@inquirer/search': 4.3.4(@types/node@22.20.4)
      '@inquirer/select': 5.2.6(@types/node@22.20.4)
    optionalDependencies:
      '@types/node': 22.20.4

  '@inquirer/rawlist@5.3.6(@types/node@22.20.4)':
    dependencies:
      '@inquirer/core': 12.0.4(@types/node@22.20.4)
      '@inquirer/type': 4.2.0(@types/node@22.20.4)
    optionalDependencies:
      '@types/node': 22.20.4

  '@inquirer/search@4.3.4(@types/node@22.20.4)':
    dependencies:
      '@inquirer/core': 12.0.4(@types/node@22.20.4)
      '@inquirer/figures': 2.0.9
      '@inquirer/type': 4.2.0(@types/node@22.20.4)
    optionalDependencies:
      '@types/node': 22.20.4

  '@inquirer/select@5.2.6(@types/node@22.20.4)':
    dependencies:
      '@inquirer/ansi': 2.0.9
      '@inquirer/core': 12.0.4(@types/node@22.20.4)
      '@inquirer/figures': 2.0.9
      '@inquirer/type': 4.2.0(@types/node@22.20.4)
    optionalDependencies:
      '@types/node': 22.20.4

  '@inquirer/type@4.2.0(@types/node@22.20.4)':
    optionalDependencies:
      '@types/node': 22.20.4

  '@nodable/entities@3.1.0': {}

  '@types/node@22.20.4':
    dependencies:
      undici-types: 6.21.0

  anynum@1.0.1: {}

  chardet@2.2.0: {}

  cli-width@4.1.0: {}

  fast-string-truncated-width@3.0.3: {}

  fast-string-width@3.0.2:
    dependencies:
      fast-string-truncated-width: 3.0.3

  fast-wrap-ansi@0.2.2:
    dependencies:
      fast-string-width: 3.0.2

  fast-xml-builder@1.3.1:
    dependencies:
      path-expression-matcher: 1.6.2
      xml-naming: 0.3.0

  fast-xml-parser@5.11.2:
    dependencies:
      '@nodable/entities': 3.1.0
      fast-xml-builder: 1.3.1
      is-unsafe: 2.0.2
      path-expression-matcher: 1.6.2
      strnum: 2.4.2
      xml-naming: 0.3.0

  iconv-lite@0.7.3:
    dependencies:
      safer-buffer: 2.1.2

  is-unsafe@2.0.2: {}

  mute-stream@3.0.0: {}

  path-expression-matcher@1.6.2: {}

  safer-buffer@2.1.2: {}

  signal-exit@4.1.0: {}

  strnum@2.4.2:
    dependencies:
      anynum: 1.0.1

  typescript@5.9.3: {}

  undici-types@6.21.0: {}

  xml-naming@0.3.0: {}
